
Microsoft Visual Studio Solution File, Format Version 12.00
# Visual Studio Version 17
VisualStudioVersion = 17.4.33213.308
MinimumVisualStudioVersion = 10.0.40219.1
Project("{FAE04EC0-301F-11D3-BF4B-00C04F79EFBC}") = "SkillFactory6", "SkillFactory6.csproj", "{E5032E70-BD1C-44C5-9F89-A703C89FB63F}"
EndProject
Global
	GlobalSection(SolutionConfigurationPlatforms) = preSolution
		Debug|Any CPU = Debug|Any CPU
		Release|Any CPU = Release|Any CPU
	EndGlobalSection
	GlobalSection(ProjectConfigurationPlatforms) = postSolution
		{E5032E70-BD1C-44C5-9F89-A703C89FB63F}.Debug|Any CPU.ActiveCfg = Debug|Any CPU
		{E5032E70-BD1C-44C5-9F89-A703C89FB63F}.Debug|Any CPU.Build.0 = Debug|Any CPU
		{E5032E70-BD1C-44C5-9F89-A703C89FB63F}.Release|Any CPU.ActiveCfg = Release|Any CPU
		{E5032E70-BD1C-44C5-9F89-A703C89FB63F}.Release|Any CPU.Build.0 = Release|Any CPU
	EndGlobalSection
	GlobalSection(SolutionProperties) = preSolution
		HideSolutionNode = FALSE
	EndGlobalSection
	GlobalSection(ExtensibilityGlobals) = postSolution
		SolutionGuid = {BF79935D-FBD7-48E1-92C4-3CB060E1407C}
	EndGlobalSection
EndGlobal
